{
    "_readme": [
        "This file locks the dependencies of your project to a known state",
        "Read more about it at https://getcomposer.org/doc/01-basic-usage.md#composer-lock-the-lock-file",
        "This file is @generated automatically"
    ],
    "content-hash": "03589a2d2df9d2de75ad074aa44d8ea7",
    "packages": [
        {
            "name": "bcosca/fatfree-core",
            "version": "dev-master",
            "source": {
                "type": "git",
                "url": "https://github.com/bcosca/fatfree-core.git",
                "reference": "e49cb8586913367e04212b511e438dc5388a9a27"
            },
            "dist": {
                "type": "zip",
                "url": "https://api.github.com/repos/bcosca/fatfree-core/zipball/e49cb8586913367e04212b511e438dc5388a9a27",
                "reference": "e49cb8586913367e04212b511e438dc5388a9a27",
                "shasum": ""
            },
            "require": {
                "php": ">=5.4"
            },
            "type": "library",
            "autoload": {
                "classmap": [
                    "."
                ]
            },
            "notification-url": "https://packagist.org/downloads/",
            "license": [
                "GPL-3.0"
            ],
            "description": "A powerful yet easy-to-use PHP micro-framework designed to help you build dynamic and robust Web applications - fast!",
            "homepage": "http://fatfreeframework.com/",
            "time": "2018-04-23T20:53:08+00:00"
        },
        {
            "name": "php-curl-class/php-curl-class",
            "version": "8.0.3",
            "source": {
                "type": "git",
                "url": "https://github.com/php-curl-class/php-curl-class.git",
                "reference": "4b19e0fa0278b45452164d3043057cccb4f750db"
            },
            "dist": {
                "type": "zip",
                "url": "https://api.github.com/repos/php-curl-class/php-curl-class/zipball/4b19e0fa0278b45452164d3043057cccb4f750db",
                "reference": "4b19e0fa0278b45452164d3043057cccb4f750db",
                "shasum": ""
            },
            "require": {
                "ext-curl": "*",
                "php": ">=5.3"
            },
            "require-dev": {
                "phpunit/phpunit": "*",
                "squizlabs/php_codesniffer": "*"
            },
            "type": "library",
            "autoload": {
                "psr-4": {
                    "Curl\\": "src/Curl/"
                }
            },
            "notification-url": "https://packagist.org/downloads/",
            "license": [
                "Unlicense"
            ],
            "authors": [
                {
                    "name": "Zach Borboa"
                }
            ],
            "description": "PHP Curl Class makes it easy to send HTTP requests and integrate with web APIs.",
            "homepage": "https://github.com/php-curl-class/php-curl-class",
            "keywords": [
                "api",
                "class",
                "client",
                "curl",
                "framework",
                "http",
                "http client",
                "json",
                "php",
                "requests",
                "rest",
                "restful",
                "web service",
                "xml"
            ],
            "time": "2018-04-21T08:28:43+00:00"
        }
    ],
    "packages-dev": [],
    "aliases": [],
    "minimum-stability": "stable",
    "stability-flags": {
        "bcosca/fatfree-core": 20
    },
    "prefer-stable": false,
    "prefer-lowest": false,
    "platform": [],
    "platform-dev": []
}
